{
  "nodes": {
    "flake-utils": {
      "inputs": {
        "systems": "systems"
      },
      "locked": {
        "lastModified": 1705309234,
        "narHash": "sha256-uNRRNRKmJyCRC/8y1RqBkqWBLM034y4qN7EprSdmgyA=",
        "owner": "numtide",
        "repo": "flake-utils",
        "rev": "1ef2e671c3b0c19053962c07dbda38332dcebf26",
        "type": "github"
      },
      "original": {
        "owner": "numtide",
        "repo": "flake-utils",
        "type": "github"
      }
    },
    "gpd-linuxcontrols": {
      "inputs": {
        "nixpkgs": [
          "nur-cryolitia",
          "nixpkgs"
        ],
        "rust-overlay": [
          "nur-cryolitia",
          "rust-overlay"
        ]
      },
      "locked": {
        "lastModified": 1712594147,
        "narHash": "sha256-26djskaEgQwajSBbgrx6iAMBfF+Re3IXvs8ULNmsSps=",
        "owner": "Cryolitia",
        "repo": "GPD-LinuxControls",
        "rev": "18f58bb73cfac7e00f805765485a265065c17a5e",
        "type": "github"
      },
      "original": {
        "owner": "Cryolitia",
        "repo": "GPD-LinuxControls",
        "type": "github"
      }
    },
    "nixpkgs": {
      "locked": {
        "lastModified": 1714058985,
        "narHash": "sha256-gD/Ya/oXic+vbQGvmqxm8qaWmOx3HnrKHQtSL6oRW0E=",
        "owner": "NixOS",
        "repo": "nixpkgs",
        "rev": "bf182c39d9439811484aad0d241ea89619b44bc7",
        "type": "github"
      },
      "original": {
        "owner": "NixOS",
        "ref": "nixpkgs-unstable",
        "repo": "nixpkgs",
        "type": "github"
      }
    },
    "nur-cryolitia": {
      "inputs": {
        "gpd-linuxcontrols": "gpd-linuxcontrols",
        "nixpkgs": [
          "nixpkgs"
        ],
        "rust-overlay": "rust-overlay"
      },
      "locked": {
        "lastModified": 1714098969,
        "narHash": "sha256-kCF2eth4P8TI0XDUbSSJr7YrOoNp0qPwQgdYIO//KxE=",
        "owner": "Cryolitia",
        "repo": "nur-packages",
        "rev": "9f1ed5a9d85653a78a2e2baa2830f027c0794b10",
        "type": "github"
      },
      "original": {
        "owner": "Cryolitia",
        "repo": "nur-packages",
        "type": "github"
      }
    },
    "root": {
      "inputs": {
        "nixpkgs": "nixpkgs",
        "nur-cryolitia": "nur-cryolitia"
      }
    },
    "rust-overlay": {
      "inputs": {
        "flake-utils": "flake-utils",
        "nixpkgs": [
          "nur-cryolitia",
          "nixpkgs"
        ]
      },
      "locked": {
        "lastModified": 1714097613,
        "narHash": "sha256-044xbpBszupqN3nl/CGOCJtTQ4O6Aca81mJpX45i8/I=",
        "owner": "oxalica",
        "repo": "rust-overlay",
        "rev": "2a42c742ab04b61d9b2f1edf392842cf9f27ebfd",
        "type": "github"
      },
      "original": {
        "owner": "oxalica",
        "repo": "rust-overlay",
        "type": "github"
      }
    },
    "systems": {
      "locked": {
        "lastModified": 1681028828,
        "narHash": "sha256-Vy1rq5AaRuLzOxct8nz4T6wlgyUR7zLU309k9mBC768=",
        "owner": "nix-systems",
        "repo": "default",
        "rev": "da67096a3b9bf56a91d16901293e51ba5b49a27e",
        "type": "github"
      },
      "original": {
        "owner": "nix-systems",
        "repo": "default",
        "type": "github"
      }
    }
  },
  "root": "root",
  "version": 7
}
