{
  "nodes": {
    "flake-utils": {
      "inputs": {
        "systems": "systems"
      },
      "locked": {
        "lastModified": 1705309234,
        "narHash": "sha256-uNRRNRKmJyCRC/8y1RqBkqWBLM034y4qN7EprSdmgyA=",
        "owner": "numtide",
        "repo": "flake-utils",
        "rev": "1ef2e671c3b0c19053962c07dbda38332dcebf26",
        "type": "github"
      },
      "original": {
        "owner": "numtide",
        "repo": "flake-utils",
        "type": "github"
      }
    },
    "gpd-fan-driver": {
      "inputs": {
        "nixpkgs": [
          "nur-cryolitia",
          "nixpkgs"
        ]
      },
      "locked": {
        "lastModified": 1714396691,
        "narHash": "sha256-EiWXBWssiVZk4kSrS0A40SX9YXwmyehoaVQhES0sDNM=",
        "owner": "Cryolitia",
        "repo": "gpd-fan-driver",
        "rev": "353d277f3360ad2f51ffa3165c0bbbfd81d13cf5",
        "type": "github"
      },
      "original": {
        "owner": "Cryolitia",
        "repo": "gpd-fan-driver",
        "type": "github"
      }
    },
    "gpd-linuxcontrols": {
      "inputs": {
        "nixpkgs": [
          "nur-cryolitia",
          "nixpkgs"
        ],
        "rust-overlay": [
          "nur-cryolitia",
          "rust-overlay"
        ]
      },
      "locked": {
        "lastModified": 1712594147,
        "narHash": "sha256-26djskaEgQwajSBbgrx6iAMBfF+Re3IXvs8ULNmsSps=",
        "owner": "Cryolitia",
        "repo": "GPD-LinuxControls",
        "rev": "18f58bb73cfac7e00f805765485a265065c17a5e",
        "type": "github"
      },
      "original": {
        "owner": "Cryolitia",
        "repo": "GPD-LinuxControls",
        "type": "github"
      }
    },
    "nixpkgs": {
      "locked": {
        "lastModified": 1714594348,
        "narHash": "sha256-fL6twwN/npU94mvumU5ho/uhM/fwePCRQ9lwamm2lds=",
        "owner": "NixOS",
        "repo": "nixpkgs",
        "rev": "1c74cc292b61614e74c1cf0d372f79d57fb4936b",
        "type": "github"
      },
      "original": {
        "owner": "NixOS",
        "ref": "nixpkgs-unstable",
        "repo": "nixpkgs",
        "type": "github"
      }
    },
    "nur-cryolitia": {
      "inputs": {
        "gpd-fan-driver": "gpd-fan-driver",
        "gpd-linuxcontrols": "gpd-linuxcontrols",
        "nixpkgs": [
          "nixpkgs"
        ],
        "rust-overlay": "rust-overlay"
      },
      "locked": {
        "lastModified": 1714703874,
        "narHash": "sha256-evUCbaroYdxvj1eLvPY1Vko26DWpt2jmpXJERRfS9VE=",
        "owner": "Cryolitia",
        "repo": "nur-packages",
        "rev": "9e804c1655aaa77a82150c4d910f7be82b5d44cb",
        "type": "github"
      },
      "original": {
        "owner": "Cryolitia",
        "repo": "nur-packages",
        "type": "github"
      }
    },
    "root": {
      "inputs": {
        "nixpkgs": "nixpkgs",
        "nur-cryolitia": "nur-cryolitia"
      }
    },
    "rust-overlay": {
      "inputs": {
        "flake-utils": "flake-utils",
        "nixpkgs": [
          "nur-cryolitia",
          "nixpkgs"
        ]
      },
      "locked": {
        "lastModified": 1714702555,
        "narHash": "sha256-/NoUbE5S5xpK1FU3nlHhQ/tL126+JcisXdzy3Ng4pDU=",
        "owner": "oxalica",
        "repo": "rust-overlay",
        "rev": "7f0e3ef7b7fbed78e12e5100851175d28af4b7c6",
        "type": "github"
      },
      "original": {
        "owner": "oxalica",
        "repo": "rust-overlay",
        "type": "github"
      }
    },
    "systems": {
      "locked": {
        "lastModified": 1681028828,
        "narHash": "sha256-Vy1rq5AaRuLzOxct8nz4T6wlgyUR7zLU309k9mBC768=",
        "owner": "nix-systems",
        "repo": "default",
        "rev": "da67096a3b9bf56a91d16901293e51ba5b49a27e",
        "type": "github"
      },
      "original": {
        "owner": "nix-systems",
        "repo": "default",
        "type": "github"
      }
    }
  },
  "root": "root",
  "version": 7
}
