{
  "nodes": {
    "flake-utils": {
      "inputs": {
        "systems": "systems"
      },
      "locked": {
        "lastModified": 1705309234,
        "narHash": "sha256-uNRRNRKmJyCRC/8y1RqBkqWBLM034y4qN7EprSdmgyA=",
        "owner": "numtide",
        "repo": "flake-utils",
        "rev": "1ef2e671c3b0c19053962c07dbda38332dcebf26",
        "type": "github"
      },
      "original": {
        "owner": "numtide",
        "repo": "flake-utils",
        "type": "github"
      }
    },
    "gpd-linuxcontrols": {
      "inputs": {
        "nixpkgs": [
          "nur-cryolitia",
          "nixpkgs"
        ],
        "rust-overlay": [
          "nur-cryolitia",
          "rust-overlay"
        ]
      },
      "locked": {
        "lastModified": 1712594147,
        "narHash": "sha256-26djskaEgQwajSBbgrx6iAMBfF+Re3IXvs8ULNmsSps=",
        "owner": "Cryolitia",
        "repo": "GPD-LinuxControls",
        "rev": "18f58bb73cfac7e00f805765485a265065c17a5e",
        "type": "github"
      },
      "original": {
        "owner": "Cryolitia",
        "repo": "GPD-LinuxControls",
        "type": "github"
      }
    },
    "nixpkgs": {
      "locked": {
        "lastModified": 1712849433,
        "narHash": "sha256-flQtf/ZPJgkLY/So3Fd+dGilw2DKIsiwgMEn7BbBHL0=",
        "owner": "NixOS",
        "repo": "nixpkgs",
        "rev": "f173d0881eff3b21ebb29a2ef8bedbc106c86ea5",
        "type": "github"
      },
      "original": {
        "owner": "NixOS",
        "ref": "nixpkgs-unstable",
        "repo": "nixpkgs",
        "type": "github"
      }
    },
    "nur-cryolitia": {
      "inputs": {
        "gpd-linuxcontrols": "gpd-linuxcontrols",
        "nixpkgs": [
          "nixpkgs"
        ],
        "rust-overlay": "rust-overlay"
      },
      "locked": {
        "lastModified": 1712889812,
        "narHash": "sha256-OgI84Rb7ubzfrS83bLRpGpMQGAdsUj4ME8VNU993W+4=",
        "owner": "Cryolitia",
        "repo": "nur-packages",
        "rev": "ac001bc6ee714b523dbf51ac286e6254b2d5df29",
        "type": "github"
      },
      "original": {
        "owner": "Cryolitia",
        "repo": "nur-packages",
        "type": "github"
      }
    },
    "root": {
      "inputs": {
        "nixpkgs": "nixpkgs",
        "nur-cryolitia": "nur-cryolitia"
      }
    },
    "rust-overlay": {
      "inputs": {
        "flake-utils": "flake-utils",
        "nixpkgs": [
          "nur-cryolitia",
          "nixpkgs"
        ]
      },
      "locked": {
        "lastModified": 1712888034,
        "narHash": "sha256-SmBeT3oxdwOzheSfxZmk+3xmv98Z3zlzjlnl9nBdOIE=",
        "owner": "oxalica",
        "repo": "rust-overlay",
        "rev": "96fbdc73dec8eaa5a9d4a9b307b75c9a856e5dec",
        "type": "github"
      },
      "original": {
        "owner": "oxalica",
        "repo": "rust-overlay",
        "type": "github"
      }
    },
    "systems": {
      "locked": {
        "lastModified": 1681028828,
        "narHash": "sha256-Vy1rq5AaRuLzOxct8nz4T6wlgyUR7zLU309k9mBC768=",
        "owner": "nix-systems",
        "repo": "default",
        "rev": "da67096a3b9bf56a91d16901293e51ba5b49a27e",
        "type": "github"
      },
      "original": {
        "owner": "nix-systems",
        "repo": "default",
        "type": "github"
      }
    }
  },
  "root": "root",
  "version": 7
}
